// !$*UTF8*$!
{
	archiveVersion = 1;
	classes = {
	};
	objectVersion = 51;
	objects = {

/* Begin PBXBuildFile section */
		60FF6A8C84FDC9FC2A8151C0 /* Pods_Sample_App.framework in Frameworks */ = {isa = PBXBuildFile; fileRef = 23CD222536DF872A7697B36C /* Pods_Sample_App.framework */; };
		A6636B34249A62D80063B903 /* (null) in Embed Frameworks */ = {isa = PBXBuildFile; settings = {ATTRIBUTES = (CodeSignOnCopy, RemoveHeadersOnCopy, ); }; };
		F74981E524571A7F0027A7B5 /* AppDelegate.swift in Sources */ = {isa = PBXBuildFile; fileRef = F74981E424571A7F0027A7B5 /* AppDelegate.swift */; };
		F74981E724571A7F0027A7B5 /* SceneDelegate.swift in Sources */ = {isa = PBXBuildFile; fileRef = F74981E624571A7F0027A7B5 /* SceneDelegate.swift */; };
		F74981E924571A7F0027A7B5 /* ViewController.swift in Sources */ = {isa = PBXBuildFile; fileRef = F74981E824571A7F0027A7B5 /* ViewController.swift */; };
		F74981EC24571A7F0027A7B5 /* Main.storyboard in Resources */ = {isa = PBXBuildFile; fileRef = F74981EA24571A7F0027A7B5 /* Main.storyboard */; };
		F74981EE24571A810027A7B5 /* Assets.xcassets in Resources */ = {isa = PBXBuildFile; fileRef = F74981ED24571A810027A7B5 /* Assets.xcassets */; };
		F74981F124571A810027A7B5 /* LaunchScreen.storyboard in Resources */ = {isa = PBXBuildFile; fileRef = F74981EF24571A810027A7B5 /* LaunchScreen.storyboard */; };
		F7C9F18924CB80EC00477323 /* MappedinCM.framework in Frameworks */ = {isa = PBXBuildFile; fileRef = F7C9F18824CB80EC00477323 /* MappedinCM.framework */; };
		F7C9F18A24CB80EC00477323 /* MappedinCM.framework in Embed Frameworks */ = {isa = PBXBuildFile; fileRef = F7C9F18824CB80EC00477323 /* MappedinCM.framework */; settings = {ATTRIBUTES = (CodeSignOnCopy, RemoveHeadersOnCopy, ); }; };
/* End PBXBuildFile section */

/* Begin PBXCopyFilesBuildPhase section */
		A6636B35249A62D80063B903 /* Embed Frameworks */ = {
			isa = PBXCopyFilesBuildPhase;
			buildActionMask = 2147483647;
			dstPath = "";
			dstSubfolderSpec = 10;
			files = (
				F7C9F18A24CB80EC00477323 /* MappedinCM.framework in Embed Frameworks */,
				A6636B34249A62D80063B903 /* (null) in Embed Frameworks */,
			);
			name = "Embed Frameworks";
			runOnlyForDeploymentPostprocessing = 0;
		};
/* End PBXCopyFilesBuildPhase section */

/* Begin PBXFileReference section */
		23CD222536DF872A7697B36C /* Pods_Sample_App.framework */ = {isa = PBXFileReference; explicitFileType = wrapper.framework; includeInIndex = 0; path = Pods_Sample_App.framework; sourceTree = BUILT_PRODUCTS_DIR; };
		6552F43CDC39D5B8F2A30D2C /* Pods-Sample App.release.xcconfig */ = {isa = PBXFileReference; includeInIndex = 1; lastKnownFileType = text.xcconfig; name = "Pods-Sample App.release.xcconfig"; path = "Target Support Files/Pods-Sample App/Pods-Sample App.release.xcconfig"; sourceTree = "<group>"; };
		6CF3AEE461ECBB6EF73F9487 /* Pods-Sample App.debug.xcconfig */ = {isa = PBXFileReference; includeInIndex = 1; lastKnownFileType = text.xcconfig; name = "Pods-Sample App.debug.xcconfig"; path = "Target Support Files/Pods-Sample App/Pods-Sample App.debug.xcconfig"; sourceTree = "<group>"; };
		A6636B06249912F20063B903 /* MappedinCT.framework */ = {isa = PBXFileReference; explicitFileType = wrapper.framework; path = MappedinCT.framework; sourceTree = BUILT_PRODUCTS_DIR; };
		A6636B2F249A619F0063B903 /* MappedinVenueFormat.framework */ = {isa = PBXFileReference; lastKnownFileType = wrapper.framework; name = MappedinVenueFormat.framework; path = "../CT-SDK/Example/MappedinVenueFormat.framework"; sourceTree = "<group>"; };
		A6CBA82F249D191A00B6DC1F /* MappedinCT.framework */ = {isa = PBXFileReference; lastKnownFileType = wrapper.framework; path = MappedinCT.framework; sourceTree = "<group>"; };
		F7163D9F24633A1500BB6D0D /* PositionTracking.framework */ = {isa = PBXFileReference; explicitFileType = wrapper.framework; path = PositionTracking.framework; sourceTree = BUILT_PRODUCTS_DIR; };
		F74981E124571A7F0027A7B5 /* Sample App.app */ = {isa = PBXFileReference; explicitFileType = wrapper.application; includeInIndex = 0; path = "Sample App.app"; sourceTree = BUILT_PRODUCTS_DIR; };
		F74981E424571A7F0027A7B5 /* AppDelegate.swift */ = {isa = PBXFileReference; lastKnownFileType = sourcecode.swift; path = AppDelegate.swift; sourceTree = "<group>"; };
		F74981E624571A7F0027A7B5 /* SceneDelegate.swift */ = {isa = PBXFileReference; lastKnownFileType = sourcecode.swift; path = SceneDelegate.swift; sourceTree = "<group>"; };
		F74981E824571A7F0027A7B5 /* ViewController.swift */ = {isa = PBXFileReference; lastKnownFileType = sourcecode.swift; path = ViewController.swift; sourceTree = "<group>"; };
		F74981EB24571A7F0027A7B5 /* Base */ = {isa = PBXFileReference; lastKnownFileType = file.storyboard; name = Base; path = Base.lproj/Main.storyboard; sourceTree = "<group>"; };
		F74981ED24571A810027A7B5 /* Assets.xcassets */ = {isa = PBXFileReference; lastKnownFileType = folder.assetcatalog; path = Assets.xcassets; sourceTree = "<group>"; };
		F74981F024571A810027A7B5 /* Base */ = {isa = PBXFileReference; lastKnownFileType = file.storyboard; name = Base; path = Base.lproj/LaunchScreen.storyboard; sourceTree = "<group>"; };
		F74981F224571A810027A7B5 /* Info.plist */ = {isa = PBXFileReference; lastKnownFileType = text.plist.xml; path = Info.plist; sourceTree = "<group>"; };
		F7C9F18824CB80EC00477323 /* MappedinCM.framework */ = {isa = PBXFileReference; explicitFileType = wrapper.framework; path = MappedinCM.framework; sourceTree = BUILT_PRODUCTS_DIR; };
		F7CCFCE9246905530029B8C3 /* Office.gpx */ = {isa = PBXFileReference; lastKnownFileType = text.xml; path = Office.gpx; sourceTree = "<group>"; };
/* End PBXFileReference section */

/* Begin PBXFrameworksBuildPhase section */
		F74981DE24571A7F0027A7B5 /* Frameworks */ = {
			isa = PBXFrameworksBuildPhase;
			buildActionMask = 2147483647;
			files = (
				F7C9F18924CB80EC00477323 /* MappedinCM.framework in Frameworks */,
				60FF6A8C84FDC9FC2A8151C0 /* Pods_Sample_App.framework in Frameworks */,
			);
			runOnlyForDeploymentPostprocessing = 0;
		};
/* End PBXFrameworksBuildPhase section */

/* Begin PBXGroup section */
		1180A6B1D7B9F1D85FDCF20A /* Pods */ = {
			isa = PBXGroup;
			children = (
				6CF3AEE461ECBB6EF73F9487 /* Pods-Sample App.debug.xcconfig */,
				6552F43CDC39D5B8F2A30D2C /* Pods-Sample App.release.xcconfig */,
			);
			path = Pods;
			sourceTree = "<group>";
		};
		F7163D932462F7AE00BB6D0D /* Frameworks */ = {
			isa = PBXGroup;
			children = (
				F7C9F18824CB80EC00477323 /* MappedinCM.framework */,
				A6CBA82F249D191A00B6DC1F /* MappedinCT.framework */,
				A6636B2F249A619F0063B903 /* MappedinVenueFormat.framework */,
				A6636B06249912F20063B903 /* MappedinCT.framework */,
				F7163D9F24633A1500BB6D0D /* PositionTracking.framework */,
				23CD222536DF872A7697B36C /* Pods_Sample_App.framework */,
			);
			name = Frameworks;
			sourceTree = "<group>";
		};
		F74981D824571A7F0027A7B5 = {
			isa = PBXGroup;
			children = (
				F7CCFCE9246905530029B8C3 /* Office.gpx */,
				F74981E324571A7F0027A7B5 /* sampleapp */,
				F74981E224571A7F0027A7B5 /* Products */,
				F7163D932462F7AE00BB6D0D /* Frameworks */,
				1180A6B1D7B9F1D85FDCF20A /* Pods */,
				F7C9F18724C9EBDD00477323 /* Recovered References */,
			);
			sourceTree = "<group>";
		};
		F74981E224571A7F0027A7B5 /* Products */ = {
			isa = PBXGroup;
			children = (
				F74981E124571A7F0027A7B5 /* Sample App.app */,
			);
			name = Products;
			sourceTree = "<group>";
		};
		F74981E324571A7F0027A7B5 /* sampleapp */ = {
			isa = PBXGroup;
			children = (
				F74981E424571A7F0027A7B5 /* AppDelegate.swift */,
				F74981E624571A7F0027A7B5 /* SceneDelegate.swift */,
				F74981E824571A7F0027A7B5 /* ViewController.swift */,
				F74981EA24571A7F0027A7B5 /* Main.storyboard */,
				F74981ED24571A810027A7B5 /* Assets.xcassets */,
				F74981EF24571A810027A7B5 /* LaunchScreen.storyboard */,
				F74981F224571A810027A7B5 /* Info.plist */,
			);
			path = sampleapp;
			sourceTree = "<group>";
		};
		F7C9F18724C9EBDD00477323 /* Recovered References */ = {
			isa = PBXGroup;
			children = (
			);
			name = "Recovered References";
			sourceTree = "<group>";
		};
/* End PBXGroup section */

/* Begin PBXNativeTarget section */
		F74981E024571A7F0027A7B5 /* Sample App */ = {
			isa = PBXNativeTarget;
			buildConfigurationList = F74981F524571A810027A7B5 /* Build configuration list for PBXNativeTarget "Sample App" */;
			buildPhases = (
				D0D862A76DB1B3659E0FE9C7 /* [CP] Check Pods Manifest.lock */,
				6138CEBDA3B1C38F1E3443D8 /* [CP] Prepare Artifacts */,
				F74981DD24571A7F0027A7B5 /* Sources */,
				F74981DE24571A7F0027A7B5 /* Frameworks */,
				F74981DF24571A7F0027A7B5 /* Resources */,
				A6636B35249A62D80063B903 /* Embed Frameworks */,
				DFA6832179793AE3442D7431 /* [CP] Embed Pods Frameworks */,
			);
			buildRules = (
			);
			dependencies = (
			);
			name = "Sample App";
			productName = "contact monitor";
			productReference = F74981E124571A7F0027A7B5 /* Sample App.app */;
			productType = "com.apple.product-type.application";
		};
/* End PBXNativeTarget section */

/* Begin PBXProject section */
		F74981D924571A7F0027A7B5 /* Project object */ = {
			isa = PBXProject;
			attributes = {
				LastSwiftUpdateCheck = 1130;
				LastUpgradeCheck = 1130;
				ORGANIZATIONNAME = "Sean Lin";
				TargetAttributes = {
					F74981E024571A7F0027A7B5 = {
						CreatedOnToolsVersion = 11.3.1;
					};
				};
			};
			buildConfigurationList = F74981DC24571A7F0027A7B5 /* Build configuration list for PBXProject "Sample App" */;
			compatibilityVersion = "Xcode 9.3";
			developmentRegion = en;
			hasScannedForEncodings = 0;
			knownRegions = (
				en,
				Base,
			);
			mainGroup = F74981D824571A7F0027A7B5;
			productRefGroup = F74981E224571A7F0027A7B5 /* Products */;
			projectDirPath = "";
			projectRoot = "";
			targets = (
				F74981E024571A7F0027A7B5 /* Sample App */,
			);
		};
/* End PBXProject section */

/* Begin PBXResourcesBuildPhase section */
		F74981DF24571A7F0027A7B5 /* Resources */ = {
			isa = PBXResourcesBuildPhase;
			buildActionMask = 2147483647;
			files = (
				F74981F124571A810027A7B5 /* LaunchScreen.storyboard in Resources */,
				F74981EE24571A810027A7B5 /* Assets.xcassets in Resources */,
				F74981EC24571A7F0027A7B5 /* Main.storyboard in Resources */,
			);
			runOnlyForDeploymentPostprocessing = 0;
		};
/* End PBXResourcesBuildPhase section */

/* Begin PBXShellScriptBuildPhase section */
		6138CEBDA3B1C38F1E3443D8 /* [CP] Prepare Artifacts */ = {
			isa = PBXShellScriptBuildPhase;
			buildActionMask = 2147483647;
			files = (
			);
			inputFileListPaths = (
				"${PODS_ROOT}/Target Support Files/Pods-Sample App/Pods-Sample App-artifacts-${CONFIGURATION}-input-files.xcfilelist",
			);
			name = "[CP] Prepare Artifacts";
			outputFileListPaths = (
				"${PODS_ROOT}/Target Support Files/Pods-Sample App/Pods-Sample App-artifacts-${CONFIGURATION}-output-files.xcfilelist",
			);
			runOnlyForDeploymentPostprocessing = 0;
			shellPath = /bin/sh;
			shellScript = "\"${PODS_ROOT}/Target Support Files/Pods-Sample App/Pods-Sample App-artifacts.sh\"\n";
			showEnvVarsInLog = 0;
		};
		D0D862A76DB1B3659E0FE9C7 /* [CP] Check Pods Manifest.lock */ = {
			isa = PBXShellScriptBuildPhase;
			buildActionMask = 2147483647;
			files = (
			);
			inputFileListPaths = (
			);
			inputPaths = (
				"${PODS_PODFILE_DIR_PATH}/Podfile.lock",
				"${PODS_ROOT}/Manifest.lock",
			);
			name = "[CP] Check Pods Manifest.lock";
			outputFileListPaths = (
			);
			outputPaths = (
				"$(DERIVED_FILE_DIR)/Pods-Sample App-checkManifestLockResult.txt",
			);
			runOnlyForDeploymentPostprocessing = 0;
			shellPath = /bin/sh;
			shellScript = "diff \"${PODS_PODFILE_DIR_PATH}/Podfile.lock\" \"${PODS_ROOT}/Manifest.lock\" > /dev/null\nif [ $? != 0 ] ; then\n    # print error to STDERR\n    echo \"error: The sandbox is not in sync with the Podfile.lock. Run 'pod install' or update your CocoaPods installation.\" >&2\n    exit 1\nfi\n# This output is used by Xcode 'outputs' to avoid re-running this script phase.\necho \"SUCCESS\" > \"${SCRIPT_OUTPUT_FILE_0}\"\n";
			showEnvVarsInLog = 0;
		};
		DFA6832179793AE3442D7431 /* [CP] Embed Pods Frameworks */ = {
			isa = PBXShellScriptBuildPhase;
			buildActionMask = 2147483647;
			files = (
			);
			inputFileListPaths = (
				"${PODS_ROOT}/Target Support Files/Pods-Sample App/Pods-Sample App-frameworks-${CONFIGURATION}-input-files.xcfilelist",
			);
			name = "[CP] Embed Pods Frameworks";
			outputFileListPaths = (
				"${PODS_ROOT}/Target Support Files/Pods-Sample App/Pods-Sample App-frameworks-${CONFIGURATION}-output-files.xcfilelist",
			);
			runOnlyForDeploymentPostprocessing = 0;
			shellPath = /bin/sh;
			shellScript = "\"${PODS_ROOT}/Target Support Files/Pods-Sample App/Pods-Sample App-frameworks.sh\"\n";
			showEnvVarsInLog = 0;
		};
/* End PBXShellScriptBuildPhase section */

/* Begin PBXSourcesBuildPhase section */
		F74981DD24571A7F0027A7B5 /* Sources */ = {
			isa = PBXSourcesBuildPhase;
			buildActionMask = 2147483647;
			files = (
				F74981E924571A7F0027A7B5 /* ViewController.swift in Sources */,
				F74981E524571A7F0027A7B5 /* AppDelegate.swift in Sources */,
				F74981E724571A7F0027A7B5 /* SceneDelegate.swift in Sources */,
			);
			runOnlyForDeploymentPostprocessing = 0;
		};
/* End PBXSourcesBuildPhase section */

/* Begin PBXVariantGroup section */
		F74981EA24571A7F0027A7B5 /* Main.storyboard */ = {
			isa = PBXVariantGroup;
			children = (
				F74981EB24571A7F0027A7B5 /* Base */,
			);
			name = Main.storyboard;
			sourceTree = "<group>";
		};
		F74981EF24571A810027A7B5 /* LaunchScreen.storyboard */ = {
			isa = PBXVariantGroup;
			children = (
				F74981F024571A810027A7B5 /* Base */,
			);
			name = LaunchScreen.storyboard;
			sourceTree = "<group>";
		};
/* End PBXVariantGroup section */

/* Begin XCBuildConfiguration section */
		F74981F324571A810027A7B5 /* Debug */ = {
			isa = XCBuildConfiguration;
			buildSettings = {
				ALWAYS_SEARCH_USER_PATHS = NO;
				CLANG_ANALYZER_NONNULL = YES;
				CLANG_ANALYZER_NUMBER_OBJECT_CONVERSION = YES_AGGRESSIVE;
				CLANG_CXX_LANGUAGE_STANDARD = "gnu++14";
				CLANG_CXX_LIBRARY = "libc++";
				CLANG_ENABLE_MODULES = YES;
				CLANG_ENABLE_OBJC_ARC = YES;
				CLANG_ENABLE_OBJC_WEAK = YES;
				CLANG_WARN_BLOCK_CAPTURE_AUTORELEASING = YES;
				CLANG_WARN_BOOL_CONVERSION = YES;
				CLANG_WARN_COMMA = YES;
				CLANG_WARN_CONSTANT_CONVERSION = YES;
				CLANG_WARN_DEPRECATED_OBJC_IMPLEMENTATIONS = YES;
				CLANG_WARN_DIRECT_OBJC_ISA_USAGE = YES_ERROR;
				CLANG_WARN_DOCUMENTATION_COMMENTS = YES;
				CLANG_WARN_EMPTY_BODY = YES;
				CLANG_WARN_ENUM_CONVERSION = YES;
				CLANG_WARN_INFINITE_RECURSION = YES;
				CLANG_WARN_INT_CONVERSION = YES;
				CLANG_WARN_NON_LITERAL_NULL_CONVERSION = YES;
				CLANG_WARN_OBJC_IMPLICIT_RETAIN_SELF = YES;
				CLANG_WARN_OBJC_LITERAL_CONVERSION = YES;
				CLANG_WARN_OBJC_ROOT_CLASS = YES_ERROR;
				CLANG_WARN_RANGE_LOOP_ANALYSIS = YES;
				CLANG_WARN_STRICT_PROTOTYPES = YES;
				CLANG_WARN_SUSPICIOUS_MOVE = YES;
				CLANG_WARN_UNGUARDED_AVAILABILITY = YES_AGGRESSIVE;
				CLANG_WARN_UNREACHABLE_CODE = YES;
				CLANG_WARN__DUPLICATE_METHOD_MATCH = YES;
				COPY_PHASE_STRIP = NO;
				DEBUG_INFORMATION_FORMAT = dwarf;
				ENABLE_STRICT_OBJC_MSGSEND = YES;
				ENABLE_TESTABILITY = YES;
				GCC_C_LANGUAGE_STANDARD = gnu11;
				GCC_DYNAMIC_NO_PIC = NO;
				GCC_NO_COMMON_BLOCKS = YES;
				GCC_OPTIMIZATION_LEVEL = 0;
				GCC_PREPROCESSOR_DEFINITIONS = (
					"DEBUG=1",
					"$(inherited)",
				);
				GCC_WARN_64_TO_32_BIT_CONVERSION = YES;
				GCC_WARN_ABOUT_RETURN_TYPE = YES_ERROR;
				GCC_WARN_UNDECLARED_SELECTOR = YES;
				GCC_WARN_UNINITIALIZED_AUTOS = YES_AGGRESSIVE;
				GCC_WARN_UNUSED_FUNCTION = YES;
				GCC_WARN_UNUSED_VARIABLE = YES;
				IPHONEOS_DEPLOYMENT_TARGET = 13.0;
				MTL_ENABLE_DEBUG_INFO = INCLUDE_SOURCE;
				MTL_FAST_MATH = YES;
				ONLY_ACTIVE_ARCH = YES;
				SDKROOT = iphoneos;
				SWIFT_ACTIVE_COMPILATION_CONDITIONS = DEBUG;
				SWIFT_OPTIMIZATION_LEVEL = "-Onone";
			};
			name = Debug;
		};
		F74981F424571A810027A7B5 /* Release */ = {
			isa = XCBuildConfiguration;
			buildSettings = {
				ALWAYS_SEARCH_USER_PATHS = NO;
				CLANG_ANALYZER_NONNULL = YES;
				CLANG_ANALYZER_NUMBER_OBJECT_CONVERSION = YES_AGGRESSIVE;
				CLANG_CXX_LANGUAGE_STANDARD = "gnu++14";
				CLANG_CXX_LIBRARY = "libc++";
				CLANG_ENABLE_MODULES = YES;
				CLANG_ENABLE_OBJC_ARC = YES;
				CLANG_ENABLE_OBJC_WEAK = YES;
				CLANG_WARN_BLOCK_CAPTURE_AUTORELEASING = YES;
				CLANG_WARN_BOOL_CONVERSION = YES;
				CLANG_WARN_COMMA = YES;
				CLANG_WARN_CONSTANT_CONVERSION = YES;
				CLANG_WARN_DEPRECATED_OBJC_IMPLEMENTATIONS = YES;
				CLANG_WARN_DIRECT_OBJC_ISA_USAGE = YES_ERROR;
				CLANG_WARN_DOCUMENTATION_COMMENTS = YES;
				CLANG_WARN_EMPTY_BODY = YES;
				CLANG_WARN_ENUM_CONVERSION = YES;
				CLANG_WARN_INFINITE_RECURSION = YES;
				CLANG_WARN_INT_CONVERSION = YES;
				CLANG_WARN_NON_LITERAL_NULL_CONVERSION = YES;
				CLANG_WARN_OBJC_IMPLICIT_RETAIN_SELF = YES;
				CLANG_WARN_OBJC_LITERAL_CONVERSION = YES;
				CLANG_WARN_OBJC_ROOT_CLASS = YES_ERROR;
				CLANG_WARN_RANGE_LOOP_ANALYSIS = YES;
				CLANG_WARN_STRICT_PROTOTYPES = YES;
				CLANG_WARN_SUSPICIOUS_MOVE = YES;
				CLANG_WARN_UNGUARDED_AVAILABILITY = YES_AGGRESSIVE;
				CLANG_WARN_UNREACHABLE_CODE = YES;
				CLANG_WARN__DUPLICATE_METHOD_MATCH = YES;
				COPY_PHASE_STRIP = NO;
				DEBUG_INFORMATION_FORMAT = "dwarf-with-dsym";
				ENABLE_NS_ASSERTIONS = NO;
				ENABLE_STRICT_OBJC_MSGSEND = YES;
				GCC_C_LANGUAGE_STANDARD = gnu11;
				GCC_NO_COMMON_BLOCKS = YES;
				GCC_WARN_64_TO_32_BIT_CONVERSION = YES;
				GCC_WARN_ABOUT_RETURN_TYPE = YES_ERROR;
				GCC_WARN_UNDECLARED_SELECTOR = YES;
				GCC_WARN_UNINITIALIZED_AUTOS = YES_AGGRESSIVE;
				GCC_WARN_UNUSED_FUNCTION = YES;
				GCC_WARN_UNUSED_VARIABLE = YES;
				IPHONEOS_DEPLOYMENT_TARGET = 13.0;
				MTL_ENABLE_DEBUG_INFO = NO;
				MTL_FAST_MATH = YES;
				SDKROOT = iphoneos;
				SWIFT_COMPILATION_MODE = wholemodule;
				SWIFT_OPTIMIZATION_LEVEL = "-O";
				VALIDATE_PRODUCT = YES;
			};
			name = Release;
		};
		F74981F624571A810027A7B5 /* Debug */ = {
			isa = XCBuildConfiguration;
			baseConfigurationReference = 6CF3AEE461ECBB6EF73F9487 /* Pods-Sample App.debug.xcconfig */;
			buildSettings = {
				ASSETCATALOG_COMPILER_APPICON_NAME = AppIcon;
				CODE_SIGN_STYLE = Automatic;
				DEVELOPMENT_TEAM = "";
				FRAMEWORK_SEARCH_PATHS = (
					"$(inherited)",
					"$(PROJECT_DIR)",
				);
				INFOPLIST_FILE = sampleapp/Info.plist;
				LD_RUNPATH_SEARCH_PATHS = (
					"$(inherited)",
					"@executable_path/Frameworks",
				);
				PRODUCT_BUNDLE_IDENTIFIER = "com.mappedin.samples.contact-monitor";
				PRODUCT_NAME = "$(TARGET_NAME)";
				SWIFT_OPTIMIZATION_LEVEL = "-Onone";
				SWIFT_VERSION = 5.0;
				TARGETED_DEVICE_FAMILY = "1,2";
			};
			name = Debug;
		};
		F74981F724571A810027A7B5 /* Release */ = {
			isa = XCBuildConfiguration;
			baseConfigurationReference = 6552F43CDC39D5B8F2A30D2C /* Pods-Sample App.release.xcconfig */;
			buildSettings = {
				ASSETCATALOG_COMPILER_APPICON_NAME = AppIcon;
				CODE_SIGN_STYLE = Automatic;
				DEVELOPMENT_TEAM = "";
				FRAMEWORK_SEARCH_PATHS = (
					"$(inherited)",
					"$(PROJECT_DIR)",
				);
				INFOPLIST_FILE = sampleapp/Info.plist;
				LD_RUNPATH_SEARCH_PATHS = (
					"$(inherited)",
					"@executable_path/Frameworks",
				);
				PRODUCT_BUNDLE_IDENTIFIER = "com.mappedin.samples.contact-monitor";
				PRODUCT_NAME = "$(TARGET_NAME)";
				SWIFT_OPTIMIZATION_LEVEL = "-Onone";
				SWIFT_VERSION = 5.0;
				TARGETED_DEVICE_FAMILY = "1,2";
			};
			name = Release;
		};
/* End XCBuildConfiguration section */

/* Begin XCConfigurationList section */
		F74981DC24571A7F0027A7B5 /* Build configuration list for PBXProject "Sample App" */ = {
			isa = XCConfigurationList;
			buildConfigurations = (
				F74981F324571A810027A7B5 /* Debug */,
				F74981F424571A810027A7B5 /* Release */,
			);
			defaultConfigurationIsVisible = 0;
			defaultConfigurationName = Release;
		};
		F74981F524571A810027A7B5 /* Build configuration list for PBXNativeTarget "Sample App" */ = {
			isa = XCConfigurationList;
			buildConfigurations = (
				F74981F624571A810027A7B5 /* Debug */,
				F74981F724571A810027A7B5 /* Release */,
			);
			defaultConfigurationIsVisible = 0;
			defaultConfigurationName = Release;
		};
/* End XCConfigurationList section */
	};
	rootObject = F74981D924571A7F0027A7B5 /* Project object */;
}
